
Microsoft Visual Studio Solution File, Format Version 12.00
# Visual Studio Version 16
VisualStudioVersion = 16.0.31911.196
MinimumVisualStudioVersion = 10.0.40219.1
Project("{FAE04EC0-301F-11D3-BF4B-00C04F79EFBC}") = "hubStaff", "hubStaff\hubStaff.csproj", "{425B0A5F-4445-4693-9B3D-F08DD5730B50}"
EndProject
Global
	GlobalSection(SolutionConfigurationPlatforms) = preSolution
		Debug|Any CPU = Debug|Any CPU
		Release|Any CPU = Release|Any CPU
	EndGlobalSection
	GlobalSection(ProjectConfigurationPlatforms) = postSolution
		{425B0A5F-4445-4693-9B3D-F08DD5730B50}.Debug|Any CPU.ActiveCfg = Debug|Any CPU
		{425B0A5F-4445-4693-9B3D-F08DD5730B50}.Debug|Any CPU.Build.0 = Debug|Any CPU
		{425B0A5F-4445-4693-9B3D-F08DD5730B50}.Release|Any CPU.ActiveCfg = Release|Any CPU
		{425B0A5F-4445-4693-9B3D-F08DD5730B50}.Release|Any CPU.Build.0 = Release|Any CPU
	EndGlobalSection
	GlobalSection(SolutionProperties) = preSolution
		HideSolutionNode = FALSE
	EndGlobalSection
	GlobalSection(ExtensibilityGlobals) = postSolution
		SolutionGuid = {A3F82898-A299-4DA3-8290-1C3482019270}
	EndGlobalSection
EndGlobal
